
Microsoft Visual Studio Solution File, Format Version 12.00
# Visual Studio Version 17
VisualStudioVersion = 17.3.32901.215
MinimumVisualStudioVersion = 10.0.40219.1
Project("{FAE04EC0-301F-11D3-BF4B-00C04F79EFBC}") = "P01_HospitalDatabase", "P01_HospitalDatabase\P01_HospitalDatabase.csproj", "{89779A87-C95F-4204-A775-9EA7EAADFF9F}"
EndProject
Project("{FAE04EC0-301F-11D3-BF4B-00C04F79EFBC}") = "P03_SalesDatabase", "P03_SalesDatabase\P03_SalesDatabase.csproj", "{04E47F4B-8A69-4861-92C3-58ACBEFF746E}"
EndProject
Global
	GlobalSection(SolutionConfigurationPlatforms) = preSolution
		Debug|Any CPU = Debug|Any CPU
		Release|Any CPU = Release|Any CPU
	EndGlobalSection
	GlobalSection(ProjectConfigurationPlatforms) = postSolution
		{89779A87-C95F-4204-A775-9EA7EAADFF9F}.Debug|Any CPU.ActiveCfg = Debug|Any CPU
		{89779A87-C95F-4204-A775-9EA7EAADFF9F}.Debug|Any CPU.Build.0 = Debug|Any CPU
		{89779A87-C95F-4204-A775-9EA7EAADFF9F}.Release|Any CPU.ActiveCfg = Release|Any CPU
		{89779A87-C95F-4204-A775-9EA7EAADFF9F}.Release|Any CPU.Build.0 = Release|Any CPU
		{04E47F4B-8A69-4861-92C3-58ACBEFF746E}.Debug|Any CPU.ActiveCfg = Debug|Any CPU
		{04E47F4B-8A69-4861-92C3-58ACBEFF746E}.Debug|Any CPU.Build.0 = Debug|Any CPU
		{04E47F4B-8A69-4861-92C3-58ACBEFF746E}.Release|Any CPU.ActiveCfg = Release|Any CPU
		{04E47F4B-8A69-4861-92C3-58ACBEFF746E}.Release|Any CPU.Build.0 = Release|Any CPU
	EndGlobalSection
	GlobalSection(SolutionProperties) = preSolution
		HideSolutionNode = FALSE
	EndGlobalSection
	GlobalSection(ExtensibilityGlobals) = postSolution
		SolutionGuid = {EB627126-6E6B-40D1-BA73-EE2944E6E053}
	EndGlobalSection
EndGlobal
